
Microsoft Visual Studio Solution File, Format Version 12.00
# Visual Studio Version 16
VisualStudioVersion = 16.0.30709.64
MinimumVisualStudioVersion = 10.0.40219.1
Project("{9A19103F-16F7-4668-BE54-9A1E7A4F7556}") = "GcGenerations", "GcGenerations\GcGenerations.csproj", "{0CA12A42-1D8C-4A1D-A8A7-DF2E7D0A29F4}"
EndProject
Project("{9A19103F-16F7-4668-BE54-9A1E7A4F7556}") = "DisposingAndFinalizing", "DisposingAndFinalizing\DisposingAndFinalizing.csproj", "{D57D5C9A-B9B1-4E46-82BD-98AEB07242D5}"
EndProject
Project("{9A19103F-16F7-4668-BE54-9A1E7A4F7556}") = "ThreadYield", "ThreadYield\ThreadYield.csproj", "{27BDA2EF-34F1-4184-AD78-CBD9473F0B3B}"
EndProject
Project("{9A19103F-16F7-4668-BE54-9A1E7A4F7556}") = "SemaphoreSlimWaitAsyncRoman", "SemaphoreSlimWaitAsyncRoman\SemaphoreSlimWaitAsyncRoman.csproj", "{09B5B367-AEAC-4500-9306-4D257618B290}"
EndProject
Project("{2150E333-8FDC-42A3-9474-1A3956D46DE8}") = "ExpressionTreesORM", "ExpressionTreesORM", "{F81789FC-E15B-4291-AD1D-4F48E78A7AAC}"
EndProject
Project("{9A19103F-16F7-4668-BE54-9A1E7A4F7556}") = "Models", "ExpressionTreesORM\Models\Models.csproj", "{C95A7D09-C721-4001-A7B2-3511A54D1BAC}"
EndProject
Project("{9A19103F-16F7-4668-BE54-9A1E7A4F7556}") = "Persistence", "ExpressionTreesORM\Persistence\Persistence.csproj", "{61A5503E-6FCB-40D9-8172-E16AC03ED368}"
EndProject
Project("{9A19103F-16F7-4668-BE54-9A1E7A4F7556}") = "App", "ExpressionTreesORM\App\App.csproj", "{97FE10D6-0555-4409-92B2-E1BA65F8E5A6}"
EndProject
Project("{9A19103F-16F7-4668-BE54-9A1E7A4F7556}") = "Utils", "ExpressionTreesORM\Utils\Utils.csproj", "{5D338E57-7A10-4EE9-91B0-D82EEAD39663}"
EndProject
Project("{9A19103F-16F7-4668-BE54-9A1E7A4F7556}") = "CoAndContraVariance", "CoAndContraVariance\CoAndContraVariance.csproj", "{8860E034-2136-49AF-B143-71DE47B7D54B}"
EndProject
Project("{9A19103F-16F7-4668-BE54-9A1E7A4F7556}") = "GzipMT", "GzipMT\GzipMT.csproj", "{843515C1-3027-4FEE-8F6F-0D26DF5654A7}"
EndProject
Global
	GlobalSection(SolutionConfigurationPlatforms) = preSolution
		Debug|Any CPU = Debug|Any CPU
		Release|Any CPU = Release|Any CPU
	EndGlobalSection
	GlobalSection(ProjectConfigurationPlatforms) = postSolution
		{0CA12A42-1D8C-4A1D-A8A7-DF2E7D0A29F4}.Debug|Any CPU.ActiveCfg = Debug|Any CPU
		{0CA12A42-1D8C-4A1D-A8A7-DF2E7D0A29F4}.Debug|Any CPU.Build.0 = Debug|Any CPU
		{0CA12A42-1D8C-4A1D-A8A7-DF2E7D0A29F4}.Release|Any CPU.ActiveCfg = Release|Any CPU
		{0CA12A42-1D8C-4A1D-A8A7-DF2E7D0A29F4}.Release|Any CPU.Build.0 = Release|Any CPU
		{D57D5C9A-B9B1-4E46-82BD-98AEB07242D5}.Debug|Any CPU.ActiveCfg = Debug|Any CPU
		{D57D5C9A-B9B1-4E46-82BD-98AEB07242D5}.Debug|Any CPU.Build.0 = Debug|Any CPU
		{D57D5C9A-B9B1-4E46-82BD-98AEB07242D5}.Release|Any CPU.ActiveCfg = Release|Any CPU
		{D57D5C9A-B9B1-4E46-82BD-98AEB07242D5}.Release|Any CPU.Build.0 = Release|Any CPU
		{27BDA2EF-34F1-4184-AD78-CBD9473F0B3B}.Debug|Any CPU.ActiveCfg = Debug|Any CPU
		{27BDA2EF-34F1-4184-AD78-CBD9473F0B3B}.Debug|Any CPU.Build.0 = Debug|Any CPU
		{27BDA2EF-34F1-4184-AD78-CBD9473F0B3B}.Release|Any CPU.ActiveCfg = Release|Any CPU
		{27BDA2EF-34F1-4184-AD78-CBD9473F0B3B}.Release|Any CPU.Build.0 = Release|Any CPU
		{09B5B367-AEAC-4500-9306-4D257618B290}.Debug|Any CPU.ActiveCfg = Debug|Any CPU
		{09B5B367-AEAC-4500-9306-4D257618B290}.Debug|Any CPU.Build.0 = Debug|Any CPU
		{09B5B367-AEAC-4500-9306-4D257618B290}.Release|Any CPU.ActiveCfg = Release|Any CPU
		{09B5B367-AEAC-4500-9306-4D257618B290}.Release|Any CPU.Build.0 = Release|Any CPU
		{C95A7D09-C721-4001-A7B2-3511A54D1BAC}.Debug|Any CPU.ActiveCfg = Debug|Any CPU
		{C95A7D09-C721-4001-A7B2-3511A54D1BAC}.Debug|Any CPU.Build.0 = Debug|Any CPU
		{C95A7D09-C721-4001-A7B2-3511A54D1BAC}.Release|Any CPU.ActiveCfg = Release|Any CPU
		{C95A7D09-C721-4001-A7B2-3511A54D1BAC}.Release|Any CPU.Build.0 = Release|Any CPU
		{61A5503E-6FCB-40D9-8172-E16AC03ED368}.Debug|Any CPU.ActiveCfg = Debug|Any CPU
		{61A5503E-6FCB-40D9-8172-E16AC03ED368}.Debug|Any CPU.Build.0 = Debug|Any CPU
		{61A5503E-6FCB-40D9-8172-E16AC03ED368}.Release|Any CPU.ActiveCfg = Release|Any CPU
		{61A5503E-6FCB-40D9-8172-E16AC03ED368}.Release|Any CPU.Build.0 = Release|Any CPU
		{97FE10D6-0555-4409-92B2-E1BA65F8E5A6}.Debug|Any CPU.ActiveCfg = Debug|Any CPU
		{97FE10D6-0555-4409-92B2-E1BA65F8E5A6}.Debug|Any CPU.Build.0 = Debug|Any CPU
		{97FE10D6-0555-4409-92B2-E1BA65F8E5A6}.Release|Any CPU.ActiveCfg = Release|Any CPU
		{97FE10D6-0555-4409-92B2-E1BA65F8E5A6}.Release|Any CPU.Build.0 = Release|Any CPU
		{5D338E57-7A10-4EE9-91B0-D82EEAD39663}.Debug|Any CPU.ActiveCfg = Debug|Any CPU
		{5D338E57-7A10-4EE9-91B0-D82EEAD39663}.Debug|Any CPU.Build.0 = Debug|Any CPU
		{5D338E57-7A10-4EE9-91B0-D82EEAD39663}.Release|Any CPU.ActiveCfg = Release|Any CPU
		{5D338E57-7A10-4EE9-91B0-D82EEAD39663}.Release|Any CPU.Build.0 = Release|Any CPU
		{8860E034-2136-49AF-B143-71DE47B7D54B}.Debug|Any CPU.ActiveCfg = Debug|Any CPU
		{8860E034-2136-49AF-B143-71DE47B7D54B}.Debug|Any CPU.Build.0 = Debug|Any CPU
		{8860E034-2136-49AF-B143-71DE47B7D54B}.Release|Any CPU.ActiveCfg = Release|Any CPU
		{8860E034-2136-49AF-B143-71DE47B7D54B}.Release|Any CPU.Build.0 = Release|Any CPU
		{843515C1-3027-4FEE-8F6F-0D26DF5654A7}.Debug|Any CPU.ActiveCfg = Debug|Any CPU
		{843515C1-3027-4FEE-8F6F-0D26DF5654A7}.Debug|Any CPU.Build.0 = Debug|Any CPU
		{843515C1-3027-4FEE-8F6F-0D26DF5654A7}.Release|Any CPU.ActiveCfg = Release|Any CPU
		{843515C1-3027-4FEE-8F6F-0D26DF5654A7}.Release|Any CPU.Build.0 = Release|Any CPU
	EndGlobalSection
	GlobalSection(SolutionProperties) = preSolution
		HideSolutionNode = FALSE
	EndGlobalSection
	GlobalSection(NestedProjects) = preSolution
		{C95A7D09-C721-4001-A7B2-3511A54D1BAC} = {F81789FC-E15B-4291-AD1D-4F48E78A7AAC}
		{61A5503E-6FCB-40D9-8172-E16AC03ED368} = {F81789FC-E15B-4291-AD1D-4F48E78A7AAC}
		{97FE10D6-0555-4409-92B2-E1BA65F8E5A6} = {F81789FC-E15B-4291-AD1D-4F48E78A7AAC}
		{5D338E57-7A10-4EE9-91B0-D82EEAD39663} = {F81789FC-E15B-4291-AD1D-4F48E78A7AAC}
	EndGlobalSection
	GlobalSection(ExtensibilityGlobals) = postSolution
		SolutionGuid = {C60EB66D-61F9-4A86-AAD4-B5BE1A79293E}
	EndGlobalSection
EndGlobal
